// !$*UTF8*$!
{
	archiveVersion = 1;
	classes = {
	};
	objectVersion = 51;
	objects = {

/* Begin PBXBuildFile section */
		245358B01D06E901DEE84D73 /* Pods_Parstagram_ParstagramUITests.framework in Frameworks */ = {isa = PBXBuildFile; fileRef = 8F1D991DE822D212571E4788 /* Pods_Parstagram_ParstagramUITests.framework */; };
		431CF91CDA565A097E3D7B17 /* Pods_Parstagram.framework in Frameworks */ = {isa = PBXBuildFile; fileRef = FEF14B3E6AB1151716BA1672 /* Pods_Parstagram.framework */; };
		58060293944A13AF1ADF14EF /* Pods_ParstagramTests.framework in Frameworks */ = {isa = PBXBuildFile; fileRef = 8F19EB1A7BC5DDA03B614537 /* Pods_ParstagramTests.framework */; };
		E99F8EAD26084B9900297F39 /* AppDelegate.swift in Sources */ = {isa = PBXBuildFile; fileRef = E99F8EAC26084B9900297F39 /* AppDelegate.swift */; };
		E99F8EAF26084B9900297F39 /* SceneDelegate.swift in Sources */ = {isa = PBXBuildFile; fileRef = E99F8EAE26084B9900297F39 /* SceneDelegate.swift */; };
		E99F8EB426084B9900297F39 /* Main.storyboard in Resources */ = {isa = PBXBuildFile; fileRef = E99F8EB226084B9900297F39 /* Main.storyboard */; };
		E99F8EB626084B9B00297F39 /* Assets.xcassets in Resources */ = {isa = PBXBuildFile; fileRef = E99F8EB526084B9B00297F39 /* Assets.xcassets */; };
		E99F8EB926084B9B00297F39 /* LaunchScreen.storyboard in Resources */ = {isa = PBXBuildFile; fileRef = E99F8EB726084B9B00297F39 /* LaunchScreen.storyboard */; };
		E99F8EC426084B9C00297F39 /* ParstagramTests.swift in Sources */ = {isa = PBXBuildFile; fileRef = E99F8EC326084B9C00297F39 /* ParstagramTests.swift */; };
		E99F8ECF26084B9C00297F39 /* ParstagramUITests.swift in Sources */ = {isa = PBXBuildFile; fileRef = E99F8ECE26084B9C00297F39 /* ParstagramUITests.swift */; };
		E99F8EEC26084E0900297F39 /* LoginViewController.swift in Sources */ = {isa = PBXBuildFile; fileRef = E99F8EEB26084E0900297F39 /* LoginViewController.swift */; };
		E99F8EF126084E1500297F39 /* FeedViewController.swift in Sources */ = {isa = PBXBuildFile; fileRef = E99F8EF026084E1500297F39 /* FeedViewController.swift */; };
		E99F8EF62608585200297F39 /* CameraViewController.swift in Sources */ = {isa = PBXBuildFile; fileRef = E99F8EF52608585200297F39 /* CameraViewController.swift */; };
		E99F8F112608643D00297F39 /* PostCell.swift in Sources */ = {isa = PBXBuildFile; fileRef = E99F8F102608643D00297F39 /* PostCell.swift */; };
		E9BC9E412609551400EDEE6F /* CommentCell.swift in Sources */ = {isa = PBXBuildFile; fileRef = E9BC9E402609551400EDEE6F /* CommentCell.swift */; };
/* End PBXBuildFile section */

/* Begin PBXContainerItemProxy section */
		E99F8EC026084B9C00297F39 /* PBXContainerItemProxy */ = {
			isa = PBXContainerItemProxy;
			containerPortal = E99F8EA126084B9900297F39 /* Project object */;
			proxyType = 1;
			remoteGlobalIDString = E99F8EA826084B9900297F39;
			remoteInfo = Parstagram;
		};
		E99F8ECB26084B9C00297F39 /* PBXContainerItemProxy */ = {
			isa = PBXContainerItemProxy;
			containerPortal = E99F8EA126084B9900297F39 /* Project object */;
			proxyType = 1;
			remoteGlobalIDString = E99F8EA826084B9900297F39;
			remoteInfo = Parstagram;
		};
/* End PBXContainerItemProxy section */

/* Begin PBXFileReference section */
		4416FCA121E0322D4EF72117 /* Pods-Parstagram.debug.xcconfig */ = {isa = PBXFileReference; includeInIndex = 1; lastKnownFileType = text.xcconfig; name = "Pods-Parstagram.debug.xcconfig"; path = "Target Support Files/Pods-Parstagram/Pods-Parstagram.debug.xcconfig"; sourceTree = "<group>"; };
		4E97ABE470C07580B3E42F88 /* Pods-Parstagram-ParstagramUITests.release.xcconfig */ = {isa = PBXFileReference; includeInIndex = 1; lastKnownFileType = text.xcconfig; name = "Pods-Parstagram-ParstagramUITests.release.xcconfig"; path = "Target Support Files/Pods-Parstagram-ParstagramUITests/Pods-Parstagram-ParstagramUITests.release.xcconfig"; sourceTree = "<group>"; };
		5B658901DC9712D71DF9D68A /* Pods-Parstagram-ParstagramUITests.debug.xcconfig */ = {isa = PBXFileReference; includeInIndex = 1; lastKnownFileType = text.xcconfig; name = "Pods-Parstagram-ParstagramUITests.debug.xcconfig"; path = "Target Support Files/Pods-Parstagram-ParstagramUITests/Pods-Parstagram-ParstagramUITests.debug.xcconfig"; sourceTree = "<group>"; };
		8B07F0B865B59AAD7966C533 /* Pods-ParstagramTests.release.xcconfig */ = {isa = PBXFileReference; includeInIndex = 1; lastKnownFileType = text.xcconfig; name = "Pods-ParstagramTests.release.xcconfig"; path = "Target Support Files/Pods-ParstagramTests/Pods-ParstagramTests.release.xcconfig"; sourceTree = "<group>"; };
		8F19EB1A7BC5DDA03B614537 /* Pods_ParstagramTests.framework */ = {isa = PBXFileReference; explicitFileType = wrapper.framework; includeInIndex = 0; path = Pods_ParstagramTests.framework; sourceTree = BUILT_PRODUCTS_DIR; };
		8F1D991DE822D212571E4788 /* Pods_Parstagram_ParstagramUITests.framework */ = {isa = PBXFileReference; explicitFileType = wrapper.framework; includeInIndex = 0; path = Pods_Parstagram_ParstagramUITests.framework; sourceTree = BUILT_PRODUCTS_DIR; };
		E99F8EA926084B9900297F39 /* Parstagram.app */ = {isa = PBXFileReference; explicitFileType = wrapper.application; includeInIndex = 0; path = Parstagram.app; sourceTree = BUILT_PRODUCTS_DIR; };
		E99F8EAC26084B9900297F39 /* AppDelegate.swift */ = {isa = PBXFileReference; lastKnownFileType = sourcecode.swift; path = AppDelegate.swift; sourceTree = "<group>"; };
		E99F8EAE26084B9900297F39 /* SceneDelegate.swift */ = {isa = PBXFileReference; lastKnownFileType = sourcecode.swift; path = SceneDelegate.swift; sourceTree = "<group>"; };
		E99F8EB326084B9900297F39 /* Base */ = {isa = PBXFileReference; lastKnownFileType = file.storyboard; name = Base; path = Base.lproj/Main.storyboard; sourceTree = "<group>"; };
		E99F8EB526084B9B00297F39 /* Assets.xcassets */ = {isa = PBXFileReference; lastKnownFileType = folder.assetcatalog; path = Assets.xcassets; sourceTree = "<group>"; };
		E99F8EB826084B9B00297F39 /* Base */ = {isa = PBXFileReference; lastKnownFileType = file.storyboard; name = Base; path = Base.lproj/LaunchScreen.storyboard; sourceTree = "<group>"; };
		E99F8EBA26084B9B00297F39 /* Info.plist */ = {isa = PBXFileReference; lastKnownFileType = text.plist.xml; path = Info.plist; sourceTree = "<group>"; };
		E99F8EBF26084B9C00297F39 /* ParstagramTests.xctest */ = {isa = PBXFileReference; explicitFileType = wrapper.cfbundle; includeInIndex = 0; path = ParstagramTests.xctest; sourceTree = BUILT_PRODUCTS_DIR; };
		E99F8EC326084B9C00297F39 /* ParstagramTests.swift */ = {isa = PBXFileReference; lastKnownFileType = sourcecode.swift; path = ParstagramTests.swift; sourceTree = "<group>"; };
		E99F8EC526084B9C00297F39 /* Info.plist */ = {isa = PBXFileReference; lastKnownFileType = text.plist.xml; path = Info.plist; sourceTree = "<group>"; };
		E99F8ECA26084B9C00297F39 /* ParstagramUITests.xctest */ = {isa = PBXFileReference; explicitFileType = wrapper.cfbundle; includeInIndex = 0; path = ParstagramUITests.xctest; sourceTree = BUILT_PRODUCTS_DIR; };
		E99F8ECE26084B9C00297F39 /* ParstagramUITests.swift */ = {isa = PBXFileReference; lastKnownFileType = sourcecode.swift; path = ParstagramUITests.swift; sourceTree = "<group>"; };
		E99F8ED026084B9C00297F39 /* Info.plist */ = {isa = PBXFileReference; lastKnownFileType = text.plist.xml; path = Info.plist; sourceTree = "<group>"; };
		E99F8EEB26084E0900297F39 /* LoginViewController.swift */ = {isa = PBXFileReference; lastKnownFileType = sourcecode.swift; path = LoginViewController.swift; sourceTree = "<group>"; };
		E99F8EF026084E1500297F39 /* FeedViewController.swift */ = {isa = PBXFileReference; lastKnownFileType = sourcecode.swift; path = FeedViewController.swift; sourceTree = "<group>"; };
		E99F8EF52608585200297F39 /* CameraViewController.swift */ = {isa = PBXFileReference; lastKnownFileType = sourcecode.swift; path = CameraViewController.swift; sourceTree = "<group>"; };
		E99F8F102608643D00297F39 /* PostCell.swift */ = {isa = PBXFileReference; lastKnownFileType = sourcecode.swift; path = PostCell.swift; sourceTree = "<group>"; };
		E9BC9E402609551400EDEE6F /* CommentCell.swift */ = {isa = PBXFileReference; lastKnownFileType = sourcecode.swift; path = CommentCell.swift; sourceTree = "<group>"; };
		EBA137D373525540F7032DD9 /* Pods-ParstagramTests.debug.xcconfig */ = {isa = PBXFileReference; includeInIndex = 1; lastKnownFileType = text.xcconfig; name = "Pods-ParstagramTests.debug.xcconfig"; path = "Target Support Files/Pods-ParstagramTests/Pods-ParstagramTests.debug.xcconfig"; sourceTree = "<group>"; };
		F8F676AA2977554BFFF64484 /* Pods-Parstagram.release.xcconfig */ = {isa = PBXFileReference; includeInIndex = 1; lastKnownFileType = text.xcconfig; name = "Pods-Parstagram.release.xcconfig"; path = "Target Support Files/Pods-Parstagram/Pods-Parstagram.release.xcconfig"; sourceTree = "<group>"; };
		FEF14B3E6AB1151716BA1672 /* Pods_Parstagram.framework */ = {isa = PBXFileReference; explicitFileType = wrapper.framework; includeInIndex = 0; path = Pods_Parstagram.framework; sourceTree = BUILT_PRODUCTS_DIR; };
/* End PBXFileReference section */

/* Begin PBXFrameworksBuildPhase section */
		E99F8EA626084B9900297F39 /* Frameworks */ = {
			isa = PBXFrameworksBuildPhase;
			buildActionMask = 2147483647;
			files = (
				431CF91CDA565A097E3D7B17 /* Pods_Parstagram.framework in Frameworks */,
			);
			runOnlyForDeploymentPostprocessing = 0;
		};
		E99F8EBC26084B9C00297F39 /* Frameworks */ = {
			isa = PBXFrameworksBuildPhase;
			buildActionMask = 2147483647;
			files = (
				58060293944A13AF1ADF14EF /* Pods_ParstagramTests.framework in Frameworks */,
			);
			runOnlyForDeploymentPostprocessing = 0;
		};
		E99F8EC726084B9C00297F39 /* Frameworks */ = {
			isa = PBXFrameworksBuildPhase;
			buildActionMask = 2147483647;
			files = (
				245358B01D06E901DEE84D73 /* Pods_Parstagram_ParstagramUITests.framework in Frameworks */,
			);
			runOnlyForDeploymentPostprocessing = 0;
		};
/* End PBXFrameworksBuildPhase section */

/* Begin PBXGroup section */
		0C98F5DEB975923DE2D26FD2 /* Frameworks */ = {
			isa = PBXGroup;
			children = (
				FEF14B3E6AB1151716BA1672 /* Pods_Parstagram.framework */,
				8F1D991DE822D212571E4788 /* Pods_Parstagram_ParstagramUITests.framework */,
				8F19EB1A7BC5DDA03B614537 /* Pods_ParstagramTests.framework */,
			);
			name = Frameworks;
			sourceTree = "<group>";
		};
		108792A79D466CF18889E88D /* Pods */ = {
			isa = PBXGroup;
			children = (
				4416FCA121E0322D4EF72117 /* Pods-Parstagram.debug.xcconfig */,
				F8F676AA2977554BFFF64484 /* Pods-Parstagram.release.xcconfig */,
				5B658901DC9712D71DF9D68A /* Pods-Parstagram-ParstagramUITests.debug.xcconfig */,
				4E97ABE470C07580B3E42F88 /* Pods-Parstagram-ParstagramUITests.release.xcconfig */,
				EBA137D373525540F7032DD9 /* Pods-ParstagramTests.debug.xcconfig */,
				8B07F0B865B59AAD7966C533 /* Pods-ParstagramTests.release.xcconfig */,
			);
			path = Pods;
			sourceTree = "<group>";
		};
		E99F8EA026084B9900297F39 = {
			isa = PBXGroup;
			children = (
				E99F8EAB26084B9900297F39 /* Parstagram */,
				E99F8EC226084B9C00297F39 /* ParstagramTests */,
				E99F8ECD26084B9C00297F39 /* ParstagramUITests */,
				E99F8EAA26084B9900297F39 /* Products */,
				108792A79D466CF18889E88D /* Pods */,
				0C98F5DEB975923DE2D26FD2 /* Frameworks */,
			);
			sourceTree = "<group>";
		};
		E99F8EAA26084B9900297F39 /* Products */ = {
			isa = PBXGroup;
			children = (
				E99F8EA926084B9900297F39 /* Parstagram.app */,
				E99F8EBF26084B9C00297F39 /* ParstagramTests.xctest */,
				E99F8ECA26084B9C00297F39 /* ParstagramUITests.xctest */,
			);
			name = Products;
			sourceTree = "<group>";
		};
		E99F8EAB26084B9900297F39 /* Parstagram */ = {
			isa = PBXGroup;
			children = (
				E99F8EAC26084B9900297F39 /* AppDelegate.swift */,
				E99F8EAE26084B9900297F39 /* SceneDelegate.swift */,
				E99F8EB226084B9900297F39 /* Main.storyboard */,
				E99F8EB526084B9B00297F39 /* Assets.xcassets */,
				E99F8EB726084B9B00297F39 /* LaunchScreen.storyboard */,
				E99F8EBA26084B9B00297F39 /* Info.plist */,
				E99F8EEB26084E0900297F39 /* LoginViewController.swift */,
				E99F8EF026084E1500297F39 /* FeedViewController.swift */,
				E99F8EF52608585200297F39 /* CameraViewController.swift */,
				E99F8F102608643D00297F39 /* PostCell.swift */,
				E9BC9E402609551400EDEE6F /* CommentCell.swift */,
			);
			path = Parstagram;
			sourceTree = "<group>";
		};
		E99F8EC226084B9C00297F39 /* ParstagramTests */ = {
			isa = PBXGroup;
			children = (
				E99F8EC326084B9C00297F39 /* ParstagramTests.swift */,
				E99F8EC526084B9C00297F39 /* Info.plist */,
			);
			path = ParstagramTests;
			sourceTree = "<group>";
		};
		E99F8ECD26084B9C00297F39 /* ParstagramUITests */ = {
			isa = PBXGroup;
			children = (
				E99F8ECE26084B9C00297F39 /* ParstagramUITests.swift */,
				E99F8ED026084B9C00297F39 /* Info.plist */,
			);
			path = ParstagramUITests;
			sourceTree = "<group>";
		};
/* End PBXGroup section */

/* Begin PBXNativeTarget section */
		E99F8EA826084B9900297F39 /* Parstagram */ = {
			isa = PBXNativeTarget;
			buildConfigurationList = E99F8ED326084B9C00297F39 /* Build configuration list for PBXNativeTarget "Parstagram" */;
			buildPhases = (
				19513E716D108467357A1DA1 /* [CP] Check Pods Manifest.lock */,
				E99F8EA526084B9900297F39 /* Sources */,
				E99F8EA626084B9900297F39 /* Frameworks */,
				E99F8EA726084B9900297F39 /* Resources */,
				D50709A67AB8878BF983C258 /* [CP] Embed Pods Frameworks */,
			);
			buildRules = (
			);
			dependencies = (
			);
			name = Parstagram;
			productName = Parstagram;
			productReference = E99F8EA926084B9900297F39 /* Parstagram.app */;
			productType = "com.apple.product-type.application";
		};
		E99F8EBE26084B9C00297F39 /* ParstagramTests */ = {
			isa = PBXNativeTarget;
			buildConfigurationList = E99F8ED626084B9C00297F39 /* Build configuration list for PBXNativeTarget "ParstagramTests" */;
			buildPhases = (
				F3D086112DA67A924696EB99 /* [CP] Check Pods Manifest.lock */,
				E99F8EBB26084B9C00297F39 /* Sources */,
				E99F8EBC26084B9C00297F39 /* Frameworks */,
				E99F8EBD26084B9C00297F39 /* Resources */,
			);
			buildRules = (
			);
			dependencies = (
				E99F8EC126084B9C00297F39 /* PBXTargetDependency */,
			);
			name = ParstagramTests;
			productName = ParstagramTests;
			productReference = E99F8EBF26084B9C00297F39 /* ParstagramTests.xctest */;
			productType = "com.apple.product-type.bundle.unit-test";
		};
		E99F8EC926084B9C00297F39 /* ParstagramUITests */ = {
			isa = PBXNativeTarget;
			buildConfigurationList = E99F8ED926084B9C00297F39 /* Build configuration list for PBXNativeTarget "ParstagramUITests" */;
			buildPhases = (
				E24DCF0C4A5C0518790CAA12 /* [CP] Check Pods Manifest.lock */,
				E99F8EC626084B9C00297F39 /* Sources */,
				E99F8EC726084B9C00297F39 /* Frameworks */,
				E99F8EC826084B9C00297F39 /* Resources */,
				82B5821FBAEC682C56536AF3 /* [CP] Embed Pods Frameworks */,
			);
			buildRules = (
			);
			dependencies = (
				E99F8ECC26084B9C00297F39 /* PBXTargetDependency */,
			);
			name = ParstagramUITests;
			productName = ParstagramUITests;
			productReference = E99F8ECA26084B9C00297F39 /* ParstagramUITests.xctest */;
			productType = "com.apple.product-type.bundle.ui-testing";
		};
/* End PBXNativeTarget section */

/* Begin PBXProject section */
		E99F8EA126084B9900297F39 /* Project object */ = {
			isa = PBXProject;
			attributes = {
				LastSwiftUpdateCheck = 1240;
				LastUpgradeCheck = 1240;
				TargetAttributes = {
					E99F8EA826084B9900297F39 = {
						CreatedOnToolsVersion = 12.4;
					};
					E99F8EBE26084B9C00297F39 = {
						CreatedOnToolsVersion = 12.4;
						TestTargetID = E99F8EA826084B9900297F39;
					};
					E99F8EC926084B9C00297F39 = {
						CreatedOnToolsVersion = 12.4;
						TestTargetID = E99F8EA826084B9900297F39;
					};
				};
			};
			buildConfigurationList = E99F8EA426084B9900297F39 /* Build configuration list for PBXProject "Parstagram" */;
			compatibilityVersion = "Xcode 9.3";
			developmentRegion = en;
			hasScannedForEncodings = 0;
			knownRegions = (
				en,
				Base,
			);
			mainGroup = E99F8EA026084B9900297F39;
			productRefGroup = E99F8EAA26084B9900297F39 /* Products */;
			projectDirPath = "";
			projectRoot = "";
			targets = (
				E99F8EA826084B9900297F39 /* Parstagram */,
				E99F8EBE26084B9C00297F39 /* ParstagramTests */,
				E99F8EC926084B9C00297F39 /* ParstagramUITests */,
			);
		};
/* End PBXProject section */

/* Begin PBXResourcesBuildPhase section */
		E99F8EA726084B9900297F39 /* Resources */ = {
			isa = PBXResourcesBuildPhase;
			buildActionMask = 2147483647;
			files = (
				E99F8EB926084B9B00297F39 /* LaunchScreen.storyboard in Resources */,
				E99F8EB626084B9B00297F39 /* Assets.xcassets in Resources */,
				E99F8EB426084B9900297F39 /* Main.storyboard in Resources */,
			);
			runOnlyForDeploymentPostprocessing = 0;
		};
		E99F8EBD26084B9C00297F39 /* Resources */ = {
			isa = PBXResourcesBuildPhase;
			buildActionMask = 2147483647;
			files = (
			);
			runOnlyForDeploymentPostprocessing = 0;
		};
		E99F8EC826084B9C00297F39 /* Resources */ = {
			isa = PBXResourcesBuildPhase;
			buildActionMask = 2147483647;
			files = (
			);
			runOnlyForDeploymentPostprocessing = 0;
		};
/* End PBXResourcesBuildPhase section */

/* Begin PBXShellScriptBuildPhase section */
		19513E716D108467357A1DA1 /* [CP] Check Pods Manifest.lock */ = {
			isa = PBXShellScriptBuildPhase;
			buildActionMask = 2147483647;
			files = (
			);
			inputFileListPaths = (
			);
			inputPaths = (
				"${PODS_PODFILE_DIR_PATH}/Podfile.lock",
				"${PODS_ROOT}/Manifest.lock",
			);
			name = "[CP] Check Pods Manifest.lock";
			outputFileListPaths = (
			);
			outputPaths = (
				"$(DERIVED_FILE_DIR)/Pods-Parstagram-checkManifestLockResult.txt",
			);
			runOnlyForDeploymentPostprocessing = 0;
			shellPath = /bin/sh;
			shellScript = "diff \"${PODS_PODFILE_DIR_PATH}/Podfile.lock\" \"${PODS_ROOT}/Manifest.lock\" > /dev/null\nif [ $? != 0 ] ; then\n    # print error to STDERR\n    echo \"error: The sandbox is not in sync with the Podfile.lock. Run 'pod install' or update your CocoaPods installation.\" >&2\n    exit 1\nfi\n# This output is used by Xcode 'outputs' to avoid re-running this script phase.\necho \"SUCCESS\" > \"${SCRIPT_OUTPUT_FILE_0}\"\n";
			showEnvVarsInLog = 0;
		};
		82B5821FBAEC682C56536AF3 /* [CP] Embed Pods Frameworks */ = {
			isa = PBXShellScriptBuildPhase;
			buildActionMask = 2147483647;
			files = (
			);
			inputFileListPaths = (
				"${PODS_ROOT}/Target Support Files/Pods-Parstagram-ParstagramUITests/Pods-Parstagram-ParstagramUITests-frameworks-${CONFIGURATION}-input-files.xcfilelist",
			);
			name = "[CP] Embed Pods Frameworks";
			outputFileListPaths = (
				"${PODS_ROOT}/Target Support Files/Pods-Parstagram-ParstagramUITests/Pods-Parstagram-ParstagramUITests-frameworks-${CONFIGURATION}-output-files.xcfilelist",
			);
			runOnlyForDeploymentPostprocessing = 0;
			shellPath = /bin/sh;
			shellScript = "\"${PODS_ROOT}/Target Support Files/Pods-Parstagram-ParstagramUITests/Pods-Parstagram-ParstagramUITests-frameworks.sh\"\n";
			showEnvVarsInLog = 0;
		};
		D50709A67AB8878BF983C258 /* [CP] Embed Pods Frameworks */ = {
			isa = PBXShellScriptBuildPhase;
			buildActionMask = 2147483647;
			files = (
			);
			inputFileListPaths = (
				"${PODS_ROOT}/Target Support Files/Pods-Parstagram/Pods-Parstagram-frameworks-${CONFIGURATION}-input-files.xcfilelist",
			);
			name = "[CP] Embed Pods Frameworks";
			outputFileListPaths = (
				"${PODS_ROOT}/Target Support Files/Pods-Parstagram/Pods-Parstagram-frameworks-${CONFIGURATION}-output-files.xcfilelist",
			);
			runOnlyForDeploymentPostprocessing = 0;
			shellPath = /bin/sh;
			shellScript = "\"${PODS_ROOT}/Target Support Files/Pods-Parstagram/Pods-Parstagram-frameworks.sh\"\n";
			showEnvVarsInLog = 0;
		};
		E24DCF0C4A5C0518790CAA12 /* [CP] Check Pods Manifest.lock */ = {
			isa = PBXShellScriptBuildPhase;
			buildActionMask = 2147483647;
			files = (
			);
			inputFileListPaths = (
			);
			inputPaths = (
				"${PODS_PODFILE_DIR_PATH}/Podfile.lock",
				"${PODS_ROOT}/Manifest.lock",
			);
			name = "[CP] Check Pods Manifest.lock";
			outputFileListPaths = (
			);
			outputPaths = (
				"$(DERIVED_FILE_DIR)/Pods-Parstagram-ParstagramUITests-checkManifestLockResult.txt",
			);
			runOnlyForDeploymentPostprocessing = 0;
			shellPath = /bin/sh;
			shellScript = "diff \"${PODS_PODFILE_DIR_PATH}/Podfile.lock\" \"${PODS_ROOT}/Manifest.lock\" > /dev/null\nif [ $? != 0 ] ; then\n    # print error to STDERR\n    echo \"error: The sandbox is not in sync with the Podfile.lock. Run 'pod install' or update your CocoaPods installation.\" >&2\n    exit 1\nfi\n# This output is used by Xcode 'outputs' to avoid re-running this script phase.\necho \"SUCCESS\" > \"${SCRIPT_OUTPUT_FILE_0}\"\n";
			showEnvVarsInLog = 0;
		};
		F3D086112DA67A924696EB99 /* [CP] Check Pods Manifest.lock */ = {
			isa = PBXShellScriptBuildPhase;
			buildActionMask = 2147483647;
			files = (
			);
			inputFileListPaths = (
			);
			inputPaths = (
				"${PODS_PODFILE_DIR_PATH}/Podfile.lock",
				"${PODS_ROOT}/Manifest.lock",
			);
			name = "[CP] Check Pods Manifest.lock";
			outputFileListPaths = (
			);
			outputPaths = (
				"$(DERIVED_FILE_DIR)/Pods-ParstagramTests-checkManifestLockResult.txt",
			);
			runOnlyForDeploymentPostprocessing = 0;
			shellPath = /bin/sh;
			shellScript = "diff \"${PODS_PODFILE_DIR_PATH}/Podfile.lock\" \"${PODS_ROOT}/Manifest.lock\" > /dev/null\nif [ $? != 0 ] ; then\n    # print error to STDERR\n    echo \"error: The sandbox is not in sync with the Podfile.lock. Run 'pod install' or update your CocoaPods installation.\" >&2\n    exit 1\nfi\n# This output is used by Xcode 'outputs' to avoid re-running this script phase.\necho \"SUCCESS\" > \"${SCRIPT_OUTPUT_FILE_0}\"\n";
			showEnvVarsInLog = 0;
		};
/* End PBXShellScriptBuildPhase section */

/* Begin PBXSourcesBuildPhase section */
		E99F8EA526084B9900297F39 /* Sources */ = {
			isa = PBXSourcesBuildPhase;
			buildActionMask = 2147483647;
			files = (
				E99F8EEC26084E0900297F39 /* LoginViewController.swift in Sources */,
				E99F8EF62608585200297F39 /* CameraViewController.swift in Sources */,
				E99F8EAD26084B9900297F39 /* AppDelegate.swift in Sources */,
				E99F8EF126084E1500297F39 /* FeedViewController.swift in Sources */,
				E99F8EAF26084B9900297F39 /* SceneDelegate.swift in Sources */,
				E99F8F112608643D00297F39 /* PostCell.swift in Sources */,
				E9BC9E412609551400EDEE6F /* CommentCell.swift in Sources */,
			);
			runOnlyForDeploymentPostprocessing = 0;
		};
		E99F8EBB26084B9C00297F39 /* Sources */ = {
			isa = PBXSourcesBuildPhase;
			buildActionMask = 2147483647;
			files = (
				E99F8EC426084B9C00297F39 /* ParstagramTests.swift in Sources */,
			);
			runOnlyForDeploymentPostprocessing = 0;
		};
		E99F8EC626084B9C00297F39 /* Sources */ = {
			isa = PBXSourcesBuildPhase;
			buildActionMask = 2147483647;
			files = (
				E99F8ECF26084B9C00297F39 /* ParstagramUITests.swift in Sources */,
			);
			runOnlyForDeploymentPostprocessing = 0;
		};
/* End PBXSourcesBuildPhase section */

/* Begin PBXTargetDependency section */
		E99F8EC126084B9C00297F39 /* PBXTargetDependency */ = {
			isa = PBXTargetDependency;
			target = E99F8EA826084B9900297F39 /* Parstagram */;
			targetProxy = E99F8EC026084B9C00297F39 /* PBXContainerItemProxy */;
		};
		E99F8ECC26084B9C00297F39 /* PBXTargetDependency */ = {
			isa = PBXTargetDependency;
			target = E99F8EA826084B9900297F39 /* Parstagram */;
			targetProxy = E99F8ECB26084B9C00297F39 /* PBXContainerItemProxy */;
		};
/* End PBXTargetDependency section */

/* Begin PBXVariantGroup section */
		E99F8EB226084B9900297F39 /* Main.storyboard */ = {
			isa = PBXVariantGroup;
			children = (
				E99F8EB326084B9900297F39 /* Base */,
			);
			name = Main.storyboard;
			sourceTree = "<group>";
		};
		E99F8EB726084B9B00297F39 /* LaunchScreen.storyboard */ = {
			isa = PBXVariantGroup;
			children = (
				E99F8EB826084B9B00297F39 /* Base */,
			);
			name = LaunchScreen.storyboard;
			sourceTree = "<group>";
		};
/* End PBXVariantGroup section */

/* Begin XCBuildConfiguration section */
		E99F8ED126084B9C00297F39 /* Debug */ = {
			isa = XCBuildConfiguration;
			buildSettings = {
				ALWAYS_SEARCH_USER_PATHS = NO;
				CLANG_ANALYZER_NONNULL = YES;
				CLANG_ANALYZER_NUMBER_OBJECT_CONVERSION = YES_AGGRESSIVE;
				CLANG_CXX_LANGUAGE_STANDARD = "gnu++14";
				CLANG_CXX_LIBRARY = "libc++";
				CLANG_ENABLE_MODULES = YES;
				CLANG_ENABLE_OBJC_ARC = YES;
				CLANG_ENABLE_OBJC_WEAK = YES;
				CLANG_WARN_BLOCK_CAPTURE_AUTORELEASING = YES;
				CLANG_WARN_BOOL_CONVERSION = YES;
				CLANG_WARN_COMMA = YES;
				CLANG_WARN_CONSTANT_CONVERSION = YES;
				CLANG_WARN_DEPRECATED_OBJC_IMPLEMENTATIONS = YES;
				CLANG_WARN_DIRECT_OBJC_ISA_USAGE = YES_ERROR;
				CLANG_WARN_DOCUMENTATION_COMMENTS = YES;
				CLANG_WARN_EMPTY_BODY = YES;
				CLANG_WARN_ENUM_CONVERSION = YES;
				CLANG_WARN_INFINITE_RECURSION = YES;
				CLANG_WARN_INT_CONVERSION = YES;
				CLANG_WARN_NON_LITERAL_NULL_CONVERSION = YES;
				CLANG_WARN_OBJC_IMPLICIT_RETAIN_SELF = YES;
				CLANG_WARN_OBJC_LITERAL_CONVERSION = YES;
				CLANG_WARN_OBJC_ROOT_CLASS = YES_ERROR;
				CLANG_WARN_QUOTED_INCLUDE_IN_FRAMEWORK_HEADER = YES;
				CLANG_WARN_RANGE_LOOP_ANALYSIS = YES;
				CLANG_WARN_STRICT_PROTOTYPES = YES;
				CLANG_WARN_SUSPICIOUS_MOVE = YES;
				CLANG_WARN_UNGUARDED_AVAILABILITY = YES_AGGRESSIVE;
				CLANG_WARN_UNREACHABLE_CODE = YES;
				CLANG_WARN__DUPLICATE_METHOD_MATCH = YES;
				COPY_PHASE_STRIP = NO;
				DEBUG_INFORMATION_FORMAT = dwarf;
				ENABLE_STRICT_OBJC_MSGSEND = YES;
				ENABLE_TESTABILITY = YES;
				GCC_C_LANGUAGE_STANDARD = gnu11;
				GCC_DYNAMIC_NO_PIC = NO;
				GCC_NO_COMMON_BLOCKS = YES;
				GCC_OPTIMIZATION_LEVEL = 0;
				GCC_PREPROCESSOR_DEFINITIONS = (
					"DEBUG=1",
					"$(inherited)",
				);
				GCC_WARN_64_TO_32_BIT_CONVERSION = YES;
				GCC_WARN_ABOUT_RETURN_TYPE = YES_ERROR;
				GCC_WARN_UNDECLARED_SELECTOR = YES;
				GCC_WARN_UNINITIALIZED_AUTOS = YES_AGGRESSIVE;
				GCC_WARN_UNUSED_FUNCTION = YES;
				GCC_WARN_UNUSED_VARIABLE = YES;
				IPHONEOS_DEPLOYMENT_TARGET = 14.4;
				MTL_ENABLE_DEBUG_INFO = INCLUDE_SOURCE;
				MTL_FAST_MATH = YES;
				ONLY_ACTIVE_ARCH = YES;
				SDKROOT = iphoneos;
				SWIFT_ACTIVE_COMPILATION_CONDITIONS = DEBUG;
				SWIFT_OPTIMIZATION_LEVEL = "-Onone";
			};
			name = Debug;
		};
		E99F8ED226084B9C00297F39 /* Release */ = {
			isa = XCBuildConfiguration;
			buildSettings = {
				ALWAYS_SEARCH_USER_PATHS = NO;
				CLANG_ANALYZER_NONNULL = YES;
				CLANG_ANALYZER_NUMBER_OBJECT_CONVERSION = YES_AGGRESSIVE;
				CLANG_CXX_LANGUAGE_STANDARD = "gnu++14";
				CLANG_CXX_LIBRARY = "libc++";
				CLANG_ENABLE_MODULES = YES;
				CLANG_ENABLE_OBJC_ARC = YES;
				CLANG_ENABLE_OBJC_WEAK = YES;
				CLANG_WARN_BLOCK_CAPTURE_AUTORELEASING = YES;
				CLANG_WARN_BOOL_CONVERSION = YES;
				CLANG_WARN_COMMA = YES;
				CLANG_WARN_CONSTANT_CONVERSION = YES;
				CLANG_WARN_DEPRECATED_OBJC_IMPLEMENTATIONS = YES;
				CLANG_WARN_DIRECT_OBJC_ISA_USAGE = YES_ERROR;
				CLANG_WARN_DOCUMENTATION_COMMENTS = YES;
				CLANG_WARN_EMPTY_BODY = YES;
				CLANG_WARN_ENUM_CONVERSION = YES;
				CLANG_WARN_INFINITE_RECURSION = YES;
				CLANG_WARN_INT_CONVERSION = YES;
				CLANG_WARN_NON_LITERAL_NULL_CONVERSION = YES;
				CLANG_WARN_OBJC_IMPLICIT_RETAIN_SELF = YES;
				CLANG_WARN_OBJC_LITERAL_CONVERSION = YES;
				CLANG_WARN_OBJC_ROOT_CLASS = YES_ERROR;
				CLANG_WARN_QUOTED_INCLUDE_IN_FRAMEWORK_HEADER = YES;
				CLANG_WARN_RANGE_LOOP_ANALYSIS = YES;
				CLANG_WARN_STRICT_PROTOTYPES = YES;
				CLANG_WARN_SUSPICIOUS_MOVE = YES;
				CLANG_WARN_UNGUARDED_AVAILABILITY = YES_AGGRESSIVE;
				CLANG_WARN_UNREACHABLE_CODE = YES;
				CLANG_WARN__DUPLICATE_METHOD_MATCH = YES;
				COPY_PHASE_STRIP = NO;
				DEBUG_INFORMATION_FORMAT = "dwarf-with-dsym";
				ENABLE_NS_ASSERTIONS = NO;
				ENABLE_STRICT_OBJC_MSGSEND = YES;
				GCC_C_LANGUAGE_STANDARD = gnu11;
				GCC_NO_COMMON_BLOCKS = YES;
				GCC_WARN_64_TO_32_BIT_CONVERSION = YES;
				GCC_WARN_ABOUT_RETURN_TYPE = YES_ERROR;
				GCC_WARN_UNDECLARED_SELECTOR = YES;
				GCC_WARN_UNINITIALIZED_AUTOS = YES_AGGRESSIVE;
				GCC_WARN_UNUSED_FUNCTION = YES;
				GCC_WARN_UNUSED_VARIABLE = YES;
				IPHONEOS_DEPLOYMENT_TARGET = 14.4;
				MTL_ENABLE_DEBUG_INFO = NO;
				MTL_FAST_MATH = YES;
				SDKROOT = iphoneos;
				SWIFT_COMPILATION_MODE = wholemodule;
				SWIFT_OPTIMIZATION_LEVEL = "-O";
				VALIDATE_PRODUCT = YES;
			};
			name = Release;
		};
		E99F8ED426084B9C00297F39 /* Debug */ = {
			isa = XCBuildConfiguration;
			baseConfigurationReference = 4416FCA121E0322D4EF72117 /* Pods-Parstagram.debug.xcconfig */;
			buildSettings = {
				ASSETCATALOG_COMPILER_APPICON_NAME = AppIcon;
				ASSETCATALOG_COMPILER_GLOBAL_ACCENT_COLOR_NAME = AccentColor;
				CODE_SIGN_STYLE = Automatic;
				INFOPLIST_FILE = Parstagram/Info.plist;
				LD_RUNPATH_SEARCH_PATHS = (
					"$(inherited)",
					"@executable_path/Frameworks",
				);
				PRODUCT_BUNDLE_IDENTIFIER = com.codepath.Parstagram;
				PRODUCT_NAME = "$(TARGET_NAME)";
				SWIFT_VERSION = 5.0;
				TARGETED_DEVICE_FAMILY = "1,2";
			};
			name = Debug;
		};
		E99F8ED526084B9C00297F39 /* Release */ = {
			isa = XCBuildConfiguration;
			baseConfigurationReference = F8F676AA2977554BFFF64484 /* Pods-Parstagram.release.xcconfig */;
			buildSettings = {
				ASSETCATALOG_COMPILER_APPICON_NAME = AppIcon;
				ASSETCATALOG_COMPILER_GLOBAL_ACCENT_COLOR_NAME = AccentColor;
				CODE_SIGN_STYLE = Automatic;
				INFOPLIST_FILE = Parstagram/Info.plist;
				LD_RUNPATH_SEARCH_PATHS = (
					"$(inherited)",
					"@executable_path/Frameworks",
				);
				PRODUCT_BUNDLE_IDENTIFIER = com.codepath.Parstagram;
				PRODUCT_NAME = "$(TARGET_NAME)";
				SWIFT_VERSION = 5.0;
				TARGETED_DEVICE_FAMILY = "1,2";
			};
			name = Release;
		};
		E99F8ED726084B9C00297F39 /* Debug */ = {
			isa = XCBuildConfiguration;
			baseConfigurationReference = EBA137D373525540F7032DD9 /* Pods-ParstagramTests.debug.xcconfig */;
			buildSettings = {
				ALWAYS_EMBED_SWIFT_STANDARD_LIBRARIES = YES;
				BUNDLE_LOADER = "$(TEST_HOST)";
				CODE_SIGN_STYLE = Automatic;
				INFOPLIST_FILE = ParstagramTests/Info.plist;
				IPHONEOS_DEPLOYMENT_TARGET = 14.4;
				LD_RUNPATH_SEARCH_PATHS = (
					"$(inherited)",
					"@executable_path/Frameworks",
					"@loader_path/Frameworks",
				);
				PRODUCT_BUNDLE_IDENTIFIER = com.codepath.ParstagramTests;
				PRODUCT_NAME = "$(TARGET_NAME)";
				SWIFT_VERSION = 5.0;
				TARGETED_DEVICE_FAMILY = "1,2";
				TEST_HOST = "$(BUILT_PRODUCTS_DIR)/Parstagram.app/Parstagram";
			};
			name = Debug;
		};
		E99F8ED826084B9C00297F39 /* Release */ = {
			isa = XCBuildConfiguration;
			baseConfigurationReference = 8B07F0B865B59AAD7966C533 /* Pods-ParstagramTests.release.xcconfig */;
			buildSettings = {
				ALWAYS_EMBED_SWIFT_STANDARD_LIBRARIES = YES;
				BUNDLE_LOADER = "$(TEST_HOST)";
				CODE_SIGN_STYLE = Automatic;
				INFOPLIST_FILE = ParstagramTests/Info.plist;
				IPHONEOS_DEPLOYMENT_TARGET = 14.4;
				LD_RUNPATH_SEARCH_PATHS = (
					"$(inherited)",
					"@executable_path/Frameworks",
					"@loader_path/Frameworks",
				);
				PRODUCT_BUNDLE_IDENTIFIER = com.codepath.ParstagramTests;
				PRODUCT_NAME = "$(TARGET_NAME)";
				SWIFT_VERSION = 5.0;
				TARGETED_DEVICE_FAMILY = "1,2";
				TEST_HOST = "$(BUILT_PRODUCTS_DIR)/Parstagram.app/Parstagram";
			};
			name = Release;
		};
		E99F8EDA26084B9C00297F39 /* Debug */ = {
			isa = XCBuildConfiguration;
			baseConfigurationReference = 5B658901DC9712D71DF9D68A /* Pods-Parstagram-ParstagramUITests.debug.xcconfig */;
			buildSettings = {
				ALWAYS_EMBED_SWIFT_STANDARD_LIBRARIES = YES;
				CODE_SIGN_STYLE = Automatic;
				INFOPLIST_FILE = ParstagramUITests/Info.plist;
				LD_RUNPATH_SEARCH_PATHS = (
					"$(inherited)",
					"@executable_path/Frameworks",
					"@loader_path/Frameworks",
				);
				PRODUCT_BUNDLE_IDENTIFIER = com.codepath.ParstagramUITests;
				PRODUCT_NAME = "$(TARGET_NAME)";
				SWIFT_VERSION = 5.0;
				TARGETED_DEVICE_FAMILY = "1,2";
				TEST_TARGET_NAME = Parstagram;
			};
			name = Debug;
		};
		E99F8EDB26084B9C00297F39 /* Release */ = {
			isa = XCBuildConfiguration;
			baseConfigurationReference = 4E97ABE470C07580B3E42F88 /* Pods-Parstagram-ParstagramUITests.release.xcconfig */;
			buildSettings = {
				ALWAYS_EMBED_SWIFT_STANDARD_LIBRARIES = YES;
				CODE_SIGN_STYLE = Automatic;
				INFOPLIST_FILE = ParstagramUITests/Info.plist;
				LD_RUNPATH_SEARCH_PATHS = (
					"$(inherited)",
					"@executable_path/Frameworks",
					"@loader_path/Frameworks",
				);
				PRODUCT_BUNDLE_IDENTIFIER = com.codepath.ParstagramUITests;
				PRODUCT_NAME = "$(TARGET_NAME)";
				SWIFT_VERSION = 5.0;
				TARGETED_DEVICE_FAMILY = "1,2";
				TEST_TARGET_NAME = Parstagram;
			};
			name = Release;
		};
/* End XCBuildConfiguration section */

/* Begin XCConfigurationList section */
		E99F8EA426084B9900297F39 /* Build configuration list for PBXProject "Parstagram" */ = {
			isa = XCConfigurationList;
			buildConfigurations = (
				E99F8ED126084B9C00297F39 /* Debug */,
				E99F8ED226084B9C00297F39 /* Release */,
			);
			defaultConfigurationIsVisible = 0;
			defaultConfigurationName = Release;
		};
		E99F8ED326084B9C00297F39 /* Build configuration list for PBXNativeTarget "Parstagram" */ = {
			isa = XCConfigurationList;
			buildConfigurations = (
				E99F8ED426084B9C00297F39 /* Debug */,
				E99F8ED526084B9C00297F39 /* Release */,
			);
			defaultConfigurationIsVisible = 0;
			defaultConfigurationName = Release;
		};
		E99F8ED626084B9C00297F39 /* Build configuration list for PBXNativeTarget "ParstagramTests" */ = {
			isa = XCConfigurationList;
			buildConfigurations = (
				E99F8ED726084B9C00297F39 /* Debug */,
				E99F8ED826084B9C00297F39 /* Release */,
			);
			defaultConfigurationIsVisible = 0;
			defaultConfigurationName = Release;
		};
		E99F8ED926084B9C00297F39 /* Build configuration list for PBXNativeTarget "ParstagramUITests" */ = {
			isa = XCConfigurationList;
			buildConfigurations = (
				E99F8EDA26084B9C00297F39 /* Debug */,
				E99F8EDB26084B9C00297F39 /* Release */,
			);
			defaultConfigurationIsVisible = 0;
			defaultConfigurationName = Release;
		};
/* End XCConfigurationList section */
	};
	rootObject = E99F8EA126084B9900297F39 /* Project object */;
}
